
Microsoft Visual Studio Solution File, Format Version 12.00
# Visual Studio Version 16
VisualStudioVersion = 16.0.30128.36
MinimumVisualStudioVersion = 10.0.40219.1
Project("{FAE04EC0-301F-11D3-BF4B-00C04F79EFBC}") = "Enhanced Em Scanner", "Research Scanner\Enhanced Em Scanner.csproj", "{F6E045CF-227A-4EED-AEEC-01EE62C2B929}"
EndProject
Global
	GlobalSection(SolutionConfigurationPlatforms) = preSolution
		Debug|Any CPU = Debug|Any CPU
		Release|Any CPU = Release|Any CPU
	EndGlobalSection
	GlobalSection(ProjectConfigurationPlatforms) = postSolution
		{F6E045CF-227A-4EED-AEEC-01EE62C2B929}.Debug|Any CPU.ActiveCfg = Debug|Any CPU
		{F6E045CF-227A-4EED-AEEC-01EE62C2B929}.Debug|Any CPU.Build.0 = Debug|Any CPU
		{F6E045CF-227A-4EED-AEEC-01EE62C2B929}.Release|Any CPU.ActiveCfg = Release|Any CPU
		{F6E045CF-227A-4EED-AEEC-01EE62C2B929}.Release|Any CPU.Build.0 = Release|Any CPU
	EndGlobalSection
	GlobalSection(SolutionProperties) = preSolution
		HideSolutionNode = FALSE
	EndGlobalSection
	GlobalSection(ExtensibilityGlobals) = postSolution
		SolutionGuid = {B8AFB7EE-450E-42A3-BF90-92DB9C40A8D4}
	EndGlobalSection
EndGlobal
